
Microsoft Visual Studio Solution File, Format Version 12.00
# Visual Studio Version 16
VisualStudioVersion = 16.0.29424.173
MinimumVisualStudioVersion = 10.0.40219.1
Project("{FAE04EC0-301F-11D3-BF4B-00C04F79EFBC}") = "DesignPatterns_Mediator", "DesignPatterns_Mediator\DesignPatterns_Mediator.csproj", "{961FA142-6685-4E51-AF51-4F8C1C117B2D}"
EndProject
Global
	GlobalSection(SolutionConfigurationPlatforms) = preSolution
		Debug|Any CPU = Debug|Any CPU
		Release|Any CPU = Release|Any CPU
	EndGlobalSection
	GlobalSection(ProjectConfigurationPlatforms) = postSolution
		{961FA142-6685-4E51-AF51-4F8C1C117B2D}.Debug|Any CPU.ActiveCfg = Debug|Any CPU
		{961FA142-6685-4E51-AF51-4F8C1C117B2D}.Debug|Any CPU.Build.0 = Debug|Any CPU
		{961FA142-6685-4E51-AF51-4F8C1C117B2D}.Release|Any CPU.ActiveCfg = Release|Any CPU
		{961FA142-6685-4E51-AF51-4F8C1C117B2D}.Release|Any CPU.Build.0 = Release|Any CPU
	EndGlobalSection
	GlobalSection(SolutionProperties) = preSolution
		HideSolutionNode = FALSE
	EndGlobalSection
	GlobalSection(ExtensibilityGlobals) = postSolution
		SolutionGuid = {BBEE382A-BADB-4EEA-B294-8BF6C5ABF084}
	EndGlobalSection
EndGlobal
